
Microsoft Visual Studio Solution File, Format Version 12.00
# Visual Studio Version 16
VisualStudioVersion = 16.0.30204.135
MinimumVisualStudioVersion = 10.0.40219.1
Project("{FAE04EC0-301F-11D3-BF4B-00C04F79EFBC}") = "Dynamic And Dependent Combobox Assignment", "Dynamic And Dependent Combobox Assignment\Dynamic And Dependent Combobox Assignment.csproj", "{3311053D-467D-4E50-A54F-F18295755C73}"
EndProject
Global
	GlobalSection(SolutionConfigurationPlatforms) = preSolution
		Debug|Any CPU = Debug|Any CPU
		Release|Any CPU = Release|Any CPU
	EndGlobalSection
	GlobalSection(ProjectConfigurationPlatforms) = postSolution
		{3311053D-467D-4E50-A54F-F18295755C73}.Debug|Any CPU.ActiveCfg = Debug|Any CPU
		{3311053D-467D-4E50-A54F-F18295755C73}.Debug|Any CPU.Build.0 = Debug|Any CPU
		{3311053D-467D-4E50-A54F-F18295755C73}.Release|Any CPU.ActiveCfg = Release|Any CPU
		{3311053D-467D-4E50-A54F-F18295755C73}.Release|Any CPU.Build.0 = Release|Any CPU
	EndGlobalSection
	GlobalSection(SolutionProperties) = preSolution
		HideSolutionNode = FALSE
	EndGlobalSection
	GlobalSection(ExtensibilityGlobals) = postSolution
		SolutionGuid = {FF28F4CB-69AD-4BE6-A49A-FE945D7C7050}
	EndGlobalSection
EndGlobal
