
Microsoft Visual Studio Solution File, Format Version 12.00
# Visual Studio Version 16
VisualStudioVersion = 16.0.30204.135
MinimumVisualStudioVersion = 10.0.40219.1
Project("{FAE04EC0-301F-11D3-BF4B-00C04F79EFBC}") = "Assignment_1", "Assignment_1\Assignment_1.csproj", "{BB774818-707A-4342-872D-9B99847A52F9}"
EndProject
Global
	GlobalSection(SolutionConfigurationPlatforms) = preSolution
		Debug|Any CPU = Debug|Any CPU
		Release|Any CPU = Release|Any CPU
	EndGlobalSection
	GlobalSection(ProjectConfigurationPlatforms) = postSolution
		{BB774818-707A-4342-872D-9B99847A52F9}.Debug|Any CPU.ActiveCfg = Debug|Any CPU
		{BB774818-707A-4342-872D-9B99847A52F9}.Debug|Any CPU.Build.0 = Debug|Any CPU
		{BB774818-707A-4342-872D-9B99847A52F9}.Release|Any CPU.ActiveCfg = Release|Any CPU
		{BB774818-707A-4342-872D-9B99847A52F9}.Release|Any CPU.Build.0 = Release|Any CPU
	EndGlobalSection
	GlobalSection(SolutionProperties) = preSolution
		HideSolutionNode = FALSE
	EndGlobalSection
	GlobalSection(ExtensibilityGlobals) = postSolution
		SolutionGuid = {0D412A96-623C-4C86-B197-21EF3C3108B3}
	EndGlobalSection
EndGlobal
